
Microsoft Visual Studio Solution File, Format Version 12.00
# Visual Studio 15
Project("{FAE04EC0-301F-11D3-BF4B-00C04F79EFBC}") = "Assembly-CSharp", "Assembly-CSharp.csproj", "{5545FF63-A8ED-3871-A55C-70B8D18BC36E}"
EndProject
Project("{FAE04EC0-301F-11D3-BF4B-00C04F79EFBC}") = "Assembly-CSharp-Editor", "Assembly-CSharp-Editor.csproj", "{657DE75E-92DB-A73C-C8C2-893391379EB2}"
EndProject
Global
	GlobalSection(SolutionConfigurationPlatforms) = preSolution
		Debug|Any CPU = Debug|Any CPU
		Release|Any CPU = Release|Any CPU
	EndGlobalSection
	GlobalSection(ProjectConfigurationPlatforms) = postSolution
		{5545FF63-A8ED-3871-A55C-70B8D18BC36E}.Debug|Any CPU.ActiveCfg = Debug|Any CPU
		{5545FF63-A8ED-3871-A55C-70B8D18BC36E}.Debug|Any CPU.Build.0 = Debug|Any CPU
		{5545FF63-A8ED-3871-A55C-70B8D18BC36E}.Release|Any CPU.ActiveCfg = Release|Any CPU
		{5545FF63-A8ED-3871-A55C-70B8D18BC36E}.Release|Any CPU.Build.0 = Release|Any CPU
		{657DE75E-92DB-A73C-C8C2-893391379EB2}.Debug|Any CPU.ActiveCfg = Debug|Any CPU
		{657DE75E-92DB-A73C-C8C2-893391379EB2}.Debug|Any CPU.Build.0 = Debug|Any CPU
		{657DE75E-92DB-A73C-C8C2-893391379EB2}.Release|Any CPU.ActiveCfg = Release|Any CPU
		{657DE75E-92DB-A73C-C8C2-893391379EB2}.Release|Any CPU.Build.0 = Release|Any CPU
	EndGlobalSection
	GlobalSection(SolutionProperties) = preSolution
		HideSolutionNode = FALSE
	EndGlobalSection
EndGlobal
